// !$*UTF8*$!
{
	archiveVersion = 1;
	classes = {
	};
	objectVersion = 50;
	objects = {

/* Begin PBXBuildFile section */
		A010F5BE2465A5D200A70C6F /* AppDelegate.swift in Sources */ = {isa = PBXBuildFile; fileRef = A010F5BD2465A5D200A70C6F /* AppDelegate.swift */; };
		A010F5C02465A5D200A70C6F /* SceneDelegate.swift in Sources */ = {isa = PBXBuildFile; fileRef = A010F5BF2465A5D200A70C6F /* SceneDelegate.swift */; };
		A010F5C22465A5D200A70C6F /* ViewController.swift in Sources */ = {isa = PBXBuildFile; fileRef = A010F5C12465A5D200A70C6F /* ViewController.swift */; };
		A010F5C52465A5D200A70C6F /* Main.storyboard in Resources */ = {isa = PBXBuildFile; fileRef = A010F5C32465A5D200A70C6F /* Main.storyboard */; };
		A010F5C72465A5D400A70C6F /* Assets.xcassets in Resources */ = {isa = PBXBuildFile; fileRef = A010F5C62465A5D400A70C6F /* Assets.xcassets */; };
		A010F5CA2465A5D400A70C6F /* LaunchScreen.storyboard in Resources */ = {isa = PBXBuildFile; fileRef = A010F5C82465A5D400A70C6F /* LaunchScreen.storyboard */; };
		A010F5D22465A6E500A70C6F /* SecondViewController.swift in Sources */ = {isa = PBXBuildFile; fileRef = A010F5D12465A6E500A70C6F /* SecondViewController.swift */; };
		A010F5D82466438D00A70C6F /* WQPermanentThread.m in Sources */ = {isa = PBXBuildFile; fileRef = A010F5D72466438D00A70C6F /* WQPermanentThread.m */; };
/* End PBXBuildFile section */

/* Begin PBXFileReference section */
		A010F5BA2465A5D200A70C6F /* WQPermanentThread.app */ = {isa = PBXFileReference; explicitFileType = wrapper.application; includeInIndex = 0; path = WQPermanentThread.app; sourceTree = BUILT_PRODUCTS_DIR; };
		A010F5BD2465A5D200A70C6F /* AppDelegate.swift */ = {isa = PBXFileReference; lastKnownFileType = sourcecode.swift; path = AppDelegate.swift; sourceTree = "<group>"; };
		A010F5BF2465A5D200A70C6F /* SceneDelegate.swift */ = {isa = PBXFileReference; lastKnownFileType = sourcecode.swift; path = SceneDelegate.swift; sourceTree = "<group>"; };
		A010F5C12465A5D200A70C6F /* ViewController.swift */ = {isa = PBXFileReference; lastKnownFileType = sourcecode.swift; path = ViewController.swift; sourceTree = "<group>"; };
		A010F5C42465A5D200A70C6F /* Base */ = {isa = PBXFileReference; lastKnownFileType = file.storyboard; name = Base; path = Base.lproj/Main.storyboard; sourceTree = "<group>"; };
		A010F5C62465A5D400A70C6F /* Assets.xcassets */ = {isa = PBXFileReference; lastKnownFileType = folder.assetcatalog; path = Assets.xcassets; sourceTree = "<group>"; };
		A010F5C92465A5D400A70C6F /* Base */ = {isa = PBXFileReference; lastKnownFileType = file.storyboard; name = Base; path = Base.lproj/LaunchScreen.storyboard; sourceTree = "<group>"; };
		A010F5CB2465A5D400A70C6F /* Info.plist */ = {isa = PBXFileReference; lastKnownFileType = text.plist.xml; path = Info.plist; sourceTree = "<group>"; };
		A010F5D12465A6E500A70C6F /* SecondViewController.swift */ = {isa = PBXFileReference; lastKnownFileType = sourcecode.swift; path = SecondViewController.swift; sourceTree = "<group>"; };
		A010F5D52466438D00A70C6F /* WQPermanentThread-Bridging-Header.h */ = {isa = PBXFileReference; lastKnownFileType = sourcecode.c.h; path = "WQPermanentThread-Bridging-Header.h"; sourceTree = "<group>"; };
		A010F5D62466438D00A70C6F /* WQPermanentThread.h */ = {isa = PBXFileReference; lastKnownFileType = sourcecode.c.h; path = WQPermanentThread.h; sourceTree = "<group>"; };
		A010F5D72466438D00A70C6F /* WQPermanentThread.m */ = {isa = PBXFileReference; lastKnownFileType = sourcecode.c.objc; path = WQPermanentThread.m; sourceTree = "<group>"; };
/* End PBXFileReference section */

/* Begin PBXFrameworksBuildPhase section */
		A010F5B72465A5D200A70C6F /* Frameworks */ = {
			isa = PBXFrameworksBuildPhase;
			buildActionMask = 2147483647;
			files = (
			);
			runOnlyForDeploymentPostprocessing = 0;
		};
/* End PBXFrameworksBuildPhase section */

/* Begin PBXGroup section */
		A010F5B12465A5D200A70C6F = {
			isa = PBXGroup;
			children = (
				A010F5BC2465A5D200A70C6F /* WQPermanentThread */,
				A010F5BB2465A5D200A70C6F /* Products */,
			);
			sourceTree = "<group>";
		};
		A010F5BB2465A5D200A70C6F /* Products */ = {
			isa = PBXGroup;
			children = (
				A010F5BA2465A5D200A70C6F /* WQPermanentThread.app */,
			);
			name = Products;
			sourceTree = "<group>";
		};
		A010F5BC2465A5D200A70C6F /* WQPermanentThread */ = {
			isa = PBXGroup;
			children = (
				A010F5BD2465A5D200A70C6F /* AppDelegate.swift */,
				A010F5BF2465A5D200A70C6F /* SceneDelegate.swift */,
				A010F5C12465A5D200A70C6F /* ViewController.swift */,
				A010F5D12465A6E500A70C6F /* SecondViewController.swift */,
				A010F5D62466438D00A70C6F /* WQPermanentThread.h */,
				A010F5D72466438D00A70C6F /* WQPermanentThread.m */,
				A010F5C32465A5D200A70C6F /* Main.storyboard */,
				A010F5C62465A5D400A70C6F /* Assets.xcassets */,
				A010F5C82465A5D400A70C6F /* LaunchScreen.storyboard */,
				A010F5CB2465A5D400A70C6F /* Info.plist */,
				A010F5D52466438D00A70C6F /* WQPermanentThread-Bridging-Header.h */,
			);
			path = WQPermanentThread;
			sourceTree = "<group>";
		};
/* End PBXGroup section */

/* Begin PBXNativeTarget section */
		A010F5B92465A5D200A70C6F /* WQPermanentThread */ = {
			isa = PBXNativeTarget;
			buildConfigurationList = A010F5CE2465A5D400A70C6F /* Build configuration list for PBXNativeTarget "WQPermanentThread" */;
			buildPhases = (
				A010F5B62465A5D200A70C6F /* Sources */,
				A010F5B72465A5D200A70C6F /* Frameworks */,
				A010F5B82465A5D200A70C6F /* Resources */,
			);
			buildRules = (
			);
			dependencies = (
			);
			name = WQPermanentThread;
			productName = WQPermanentThread;
			productReference = A010F5BA2465A5D200A70C6F /* WQPermanentThread.app */;
			productType = "com.apple.product-type.application";
		};
/* End PBXNativeTarget section */

/* Begin PBXProject section */
		A010F5B22465A5D200A70C6F /* Project object */ = {
			isa = PBXProject;
			attributes = {
				LastSwiftUpdateCheck = 1140;
				LastUpgradeCheck = 1140;
				ORGANIZATIONNAME = chenweiqiang;
				TargetAttributes = {
					A010F5B92465A5D200A70C6F = {
						CreatedOnToolsVersion = 11.4.1;
						LastSwiftMigration = 1140;
					};
				};
			};
			buildConfigurationList = A010F5B52465A5D200A70C6F /* Build configuration list for PBXProject "WQPermanentThread" */;
			compatibilityVersion = "Xcode 9.3";
			developmentRegion = en;
			hasScannedForEncodings = 0;
			knownRegions = (
				en,
				Base,
			);
			mainGroup = A010F5B12465A5D200A70C6F;
			productRefGroup = A010F5BB2465A5D200A70C6F /* Products */;
			projectDirPath = "";
			projectRoot = "";
			targets = (
				A010F5B92465A5D200A70C6F /* WQPermanentThread */,
			);
		};
/* End PBXProject section */

/* Begin PBXResourcesBuildPhase section */
		A010F5B82465A5D200A70C6F /* Resources */ = {
			isa = PBXResourcesBuildPhase;
			buildActionMask = 2147483647;
			files = (
				A010F5CA2465A5D400A70C6F /* LaunchScreen.storyboard in Resources */,
				A010F5C72465A5D400A70C6F /* Assets.xcassets in Resources */,
				A010F5C52465A5D200A70C6F /* Main.storyboard in Resources */,
			);
			runOnlyForDeploymentPostprocessing = 0;
		};
/* End PBXResourcesBuildPhase section */

/* Begin PBXSourcesBuildPhase section */
		A010F5B62465A5D200A70C6F /* Sources */ = {
			isa = PBXSourcesBuildPhase;
			buildActionMask = 2147483647;
			files = (
				A010F5D22465A6E500A70C6F /* SecondViewController.swift in Sources */,
				A010F5C22465A5D200A70C6F /* ViewController.swift in Sources */,
				A010F5BE2465A5D200A70C6F /* AppDelegate.swift in Sources */,
				A010F5D82466438D00A70C6F /* WQPermanentThread.m in Sources */,
				A010F5C02465A5D200A70C6F /* SceneDelegate.swift in Sources */,
			);
			runOnlyForDeploymentPostprocessing = 0;
		};
/* End PBXSourcesBuildPhase section */

/* Begin PBXVariantGroup section */
		A010F5C32465A5D200A70C6F /* Main.storyboard */ = {
			isa = PBXVariantGroup;
			children = (
				A010F5C42465A5D200A70C6F /* Base */,
			);
			name = Main.storyboard;
			sourceTree = "<group>";
		};
		A010F5C82465A5D400A70C6F /* LaunchScreen.storyboard */ = {
			isa = PBXVariantGroup;
			children = (
				A010F5C92465A5D400A70C6F /* Base */,
			);
			name = LaunchScreen.storyboard;
			sourceTree = "<group>";
		};
/* End PBXVariantGroup section */

/* Begin XCBuildConfiguration section */
		A010F5CC2465A5D400A70C6F /* Debug */ = {
			isa = XCBuildConfiguration;
			buildSettings = {
				ALWAYS_SEARCH_USER_PATHS = NO;
				CLANG_ANALYZER_NONNULL = YES;
				CLANG_ANALYZER_NUMBER_OBJECT_CONVERSION = YES_AGGRESSIVE;
				CLANG_CXX_LANGUAGE_STANDARD = "gnu++14";
				CLANG_CXX_LIBRARY = "libc++";
				CLANG_ENABLE_MODULES = YES;
				CLANG_ENABLE_OBJC_ARC = YES;
				CLANG_ENABLE_OBJC_WEAK = YES;
				CLANG_WARN_BLOCK_CAPTURE_AUTORELEASING = YES;
				CLANG_WARN_BOOL_CONVERSION = YES;
				CLANG_WARN_COMMA = YES;
				CLANG_WARN_CONSTANT_CONVERSION = YES;
				CLANG_WARN_DEPRECATED_OBJC_IMPLEMENTATIONS = YES;
				CLANG_WARN_DIRECT_OBJC_ISA_USAGE = YES_ERROR;
				CLANG_WARN_DOCUMENTATION_COMMENTS = YES;
				CLANG_WARN_EMPTY_BODY = YES;
				CLANG_WARN_ENUM_CONVERSION = YES;
				CLANG_WARN_INFINITE_RECURSION = YES;
				CLANG_WARN_INT_CONVERSION = YES;
				CLANG_WARN_NON_LITERAL_NULL_CONVERSION = YES;
				CLANG_WARN_OBJC_IMPLICIT_RETAIN_SELF = YES;
				CLANG_WARN_OBJC_LITERAL_CONVERSION = YES;
				CLANG_WARN_OBJC_ROOT_CLASS = YES_ERROR;
				CLANG_WARN_RANGE_LOOP_ANALYSIS = YES;
				CLANG_WARN_STRICT_PROTOTYPES = YES;
				CLANG_WARN_SUSPICIOUS_MOVE = YES;
				CLANG_WARN_UNGUARDED_AVAILABILITY = YES_AGGRESSIVE;
				CLANG_WARN_UNREACHABLE_CODE = YES;
				CLANG_WARN__DUPLICATE_METHOD_MATCH = YES;
				COPY_PHASE_STRIP = NO;
				DEBUG_INFORMATION_FORMAT = dwarf;
				ENABLE_STRICT_OBJC_MSGSEND = YES;
				ENABLE_TESTABILITY = YES;
				GCC_C_LANGUAGE_STANDARD = gnu11;
				GCC_DYNAMIC_NO_PIC = NO;
				GCC_NO_COMMON_BLOCKS = YES;
				GCC_OPTIMIZATION_LEVEL = 0;
				GCC_PREPROCESSOR_DEFINITIONS = (
					"DEBUG=1",
					"$(inherited)",
				);
				GCC_WARN_64_TO_32_BIT_CONVERSION = YES;
				GCC_WARN_ABOUT_RETURN_TYPE = YES_ERROR;
				GCC_WARN_UNDECLARED_SELECTOR = YES;
				GCC_WARN_UNINITIALIZED_AUTOS = YES_AGGRESSIVE;
				GCC_WARN_UNUSED_FUNCTION = YES;
				GCC_WARN_UNUSED_VARIABLE = YES;
				IPHONEOS_DEPLOYMENT_TARGET = 13.4;
				MTL_ENABLE_DEBUG_INFO = INCLUDE_SOURCE;
				MTL_FAST_MATH = YES;
				ONLY_ACTIVE_ARCH = YES;
				SDKROOT = iphoneos;
				SWIFT_ACTIVE_COMPILATION_CONDITIONS = DEBUG;
				SWIFT_OPTIMIZATION_LEVEL = "-Onone";
			};
			name = Debug;
		};
		A010F5CD2465A5D400A70C6F /* Release */ = {
			isa = XCBuildConfiguration;
			buildSettings = {
				ALWAYS_SEARCH_USER_PATHS = NO;
				CLANG_ANALYZER_NONNULL = YES;
				CLANG_ANALYZER_NUMBER_OBJECT_CONVERSION = YES_AGGRESSIVE;
				CLANG_CXX_LANGUAGE_STANDARD = "gnu++14";
				CLANG_CXX_LIBRARY = "libc++";
				CLANG_ENABLE_MODULES = YES;
				CLANG_ENABLE_OBJC_ARC = YES;
				CLANG_ENABLE_OBJC_WEAK = YES;
				CLANG_WARN_BLOCK_CAPTURE_AUTORELEASING = YES;
				CLANG_WARN_BOOL_CONVERSION = YES;
				CLANG_WARN_COMMA = YES;
				CLANG_WARN_CONSTANT_CONVERSION = YES;
				CLANG_WARN_DEPRECATED_OBJC_IMPLEMENTATIONS = YES;
				CLANG_WARN_DIRECT_OBJC_ISA_USAGE = YES_ERROR;
				CLANG_WARN_DOCUMENTATION_COMMENTS = YES;
				CLANG_WARN_EMPTY_BODY = YES;
				CLANG_WARN_ENUM_CONVERSION = YES;
				CLANG_WARN_INFINITE_RECURSION = YES;
				CLANG_WARN_INT_CONVERSION = YES;
				CLANG_WARN_NON_LITERAL_NULL_CONVERSION = YES;
				CLANG_WARN_OBJC_IMPLICIT_RETAIN_SELF = YES;
				CLANG_WARN_OBJC_LITERAL_CONVERSION = YES;
				CLANG_WARN_OBJC_ROOT_CLASS = YES_ERROR;
				CLANG_WARN_RANGE_LOOP_ANALYSIS = YES;
				CLANG_WARN_STRICT_PROTOTYPES = YES;
				CLANG_WARN_SUSPICIOUS_MOVE = YES;
				CLANG_WARN_UNGUARDED_AVAILABILITY = YES_AGGRESSIVE;
				CLANG_WARN_UNREACHABLE_CODE = YES;
				CLANG_WARN__DUPLICATE_METHOD_MATCH = YES;
				COPY_PHASE_STRIP = NO;
				DEBUG_INFORMATION_FORMAT = "dwarf-with-dsym";
				ENABLE_NS_ASSERTIONS = NO;
				ENABLE_STRICT_OBJC_MSGSEND = YES;
				GCC_C_LANGUAGE_STANDARD = gnu11;
				GCC_NO_COMMON_BLOCKS = YES;
				GCC_WARN_64_TO_32_BIT_CONVERSION = YES;
				GCC_WARN_ABOUT_RETURN_TYPE = YES_ERROR;
				GCC_WARN_UNDECLARED_SELECTOR = YES;
				GCC_WARN_UNINITIALIZED_AUTOS = YES_AGGRESSIVE;
				GCC_WARN_UNUSED_FUNCTION = YES;
				GCC_WARN_UNUSED_VARIABLE = YES;
				IPHONEOS_DEPLOYMENT_TARGET = 13.4;
				MTL_ENABLE_DEBUG_INFO = NO;
				MTL_FAST_MATH = YES;
				SDKROOT = iphoneos;
				SWIFT_COMPILATION_MODE = wholemodule;
				SWIFT_OPTIMIZATION_LEVEL = "-O";
				VALIDATE_PRODUCT = YES;
			};
			name = Release;
		};
		A010F5CF2465A5D400A70C6F /* Debug */ = {
			isa = XCBuildConfiguration;
			buildSettings = {
				ASSETCATALOG_COMPILER_APPICON_NAME = AppIcon;
				CLANG_ENABLE_MODULES = YES;
				CODE_SIGN_STYLE = Automatic;
				DEVELOPMENT_TEAM = Q74CDF9F84;
				INFOPLIST_FILE = WQPermanentThread/Info.plist;
				LD_RUNPATH_SEARCH_PATHS = (
					"$(inherited)",
					"@executable_path/Frameworks",
				);
				PRODUCT_BUNDLE_IDENTIFIER = cwq.WQPermanentThread;
				PRODUCT_NAME = "$(TARGET_NAME)";
				SWIFT_OBJC_BRIDGING_HEADER = "$(SRCROOT)/$(PROJECT_NAME)/WQPermanentThread-Bridging-Header.h";
				SWIFT_OPTIMIZATION_LEVEL = "-Onone";
				SWIFT_VERSION = 5.0;
				TARGETED_DEVICE_FAMILY = "1,2";
			};
			name = Debug;
		};
		A010F5D02465A5D400A70C6F /* Release */ = {
			isa = XCBuildConfiguration;
			buildSettings = {
				ASSETCATALOG_COMPILER_APPICON_NAME = AppIcon;
				CLANG_ENABLE_MODULES = YES;
				CODE_SIGN_STYLE = Automatic;
				DEVELOPMENT_TEAM = Q74CDF9F84;
				INFOPLIST_FILE = WQPermanentThread/Info.plist;
				LD_RUNPATH_SEARCH_PATHS = (
					"$(inherited)",
					"@executable_path/Frameworks",
				);
				PRODUCT_BUNDLE_IDENTIFIER = cwq.WQPermanentThread;
				PRODUCT_NAME = "$(TARGET_NAME)";
				SWIFT_OBJC_BRIDGING_HEADER = "$(SRCROOT)/$(PROJECT_NAME)/WQPermanentThread-Bridging-Header.h";
				SWIFT_VERSION = 5.0;
				TARGETED_DEVICE_FAMILY = "1,2";
			};
			name = Release;
		};
/* End XCBuildConfiguration section */

/* Begin XCConfigurationList section */
		A010F5B52465A5D200A70C6F /* Build configuration list for PBXProject "WQPermanentThread" */ = {
			isa = XCConfigurationList;
			buildConfigurations = (
				A010F5CC2465A5D400A70C6F /* Debug */,
				A010F5CD2465A5D400A70C6F /* Release */,
			);
			defaultConfigurationIsVisible = 0;
			defaultConfigurationName = Release;
		};
		A010F5CE2465A5D400A70C6F /* Build configuration list for PBXNativeTarget "WQPermanentThread" */ = {
			isa = XCConfigurationList;
			buildConfigurations = (
				A010F5CF2465A5D400A70C6F /* Debug */,
				A010F5D02465A5D400A70C6F /* Release */,
			);
			defaultConfigurationIsVisible = 0;
			defaultConfigurationName = Release;
		};
/* End XCConfigurationList section */
	};
	rootObject = A010F5B22465A5D200A70C6F /* Project object */;
}
